
Microsoft Visual Studio Solution File, Format Version 12.00
# Visual Studio Version 16
VisualStudioVersion = 16.0.30323.103
MinimumVisualStudioVersion = 10.0.40219.1
Project("{FAE04EC0-301F-11D3-BF4B-00C04F79EFBC}") = "TacControl", "TacControl.csproj", "{463E85A0-2713-4261-9977-4A14DC950F66}"
EndProject
Project("{9A19103F-16F7-4668-BE54-9A1E7A4F7556}") = "SkiaSharp.Extended.Svg", "lib\SkiaSharp_Extended\SkiaSharp.Extended.Svg\source\SkiaSharp.Extended.Svg.csproj", "{144BD06E-2193-47C7-9867-633C6878239E}"
EndProject
Project("{FAE04EC0-301F-11D3-BF4B-00C04F79EFBC}") = "TacControl.Common", "..\TacControl.Common\TacControl.Common.csproj", "{E30FB38C-4069-4CCF-984C-6FBEB592082C}"
EndProject
Global
	GlobalSection(SolutionConfigurationPlatforms) = preSolution
		Debug|Any CPU = Debug|Any CPU
		Debug|x64 = Debug|x64
		Release|Any CPU = Release|Any CPU
		Release|x64 = Release|x64
	EndGlobalSection
	GlobalSection(ProjectConfigurationPlatforms) = postSolution
		{463E85A0-2713-4261-9977-4A14DC950F66}.Debug|Any CPU.ActiveCfg = Debug|Any CPU
		{463E85A0-2713-4261-9977-4A14DC950F66}.Debug|Any CPU.Build.0 = Debug|Any CPU
		{463E85A0-2713-4261-9977-4A14DC950F66}.Debug|x64.ActiveCfg = Debug|x64
		{463E85A0-2713-4261-9977-4A14DC950F66}.Debug|x64.Build.0 = Debug|x64
		{463E85A0-2713-4261-9977-4A14DC950F66}.Release|Any CPU.ActiveCfg = Release|Any CPU
		{463E85A0-2713-4261-9977-4A14DC950F66}.Release|Any CPU.Build.0 = Release|Any CPU
		{463E85A0-2713-4261-9977-4A14DC950F66}.Release|x64.ActiveCfg = Release|x64
		{463E85A0-2713-4261-9977-4A14DC950F66}.Release|x64.Build.0 = Release|x64
		{144BD06E-2193-47C7-9867-633C6878239E}.Debug|Any CPU.ActiveCfg = Debug|Any CPU
		{144BD06E-2193-47C7-9867-633C6878239E}.Debug|Any CPU.Build.0 = Debug|Any CPU
		{144BD06E-2193-47C7-9867-633C6878239E}.Debug|x64.ActiveCfg = Debug|x64
		{144BD06E-2193-47C7-9867-633C6878239E}.Debug|x64.Build.0 = Debug|x64
		{144BD06E-2193-47C7-9867-633C6878239E}.Release|Any CPU.ActiveCfg = Release|Any CPU
		{144BD06E-2193-47C7-9867-633C6878239E}.Release|Any CPU.Build.0 = Release|Any CPU
		{144BD06E-2193-47C7-9867-633C6878239E}.Release|x64.ActiveCfg = Release|x64
		{144BD06E-2193-47C7-9867-633C6878239E}.Release|x64.Build.0 = Release|x64
		{E30FB38C-4069-4CCF-984C-6FBEB592082C}.Debug|Any CPU.ActiveCfg = Debug|Any CPU
		{E30FB38C-4069-4CCF-984C-6FBEB592082C}.Debug|Any CPU.Build.0 = Debug|Any CPU
		{E30FB38C-4069-4CCF-984C-6FBEB592082C}.Debug|x64.ActiveCfg = Debug|Any CPU
		{E30FB38C-4069-4CCF-984C-6FBEB592082C}.Debug|x64.Build.0 = Debug|Any CPU
		{E30FB38C-4069-4CCF-984C-6FBEB592082C}.Release|Any CPU.ActiveCfg = Release|Any CPU
		{E30FB38C-4069-4CCF-984C-6FBEB592082C}.Release|Any CPU.Build.0 = Release|Any CPU
		{E30FB38C-4069-4CCF-984C-6FBEB592082C}.Release|x64.ActiveCfg = Release|Any CPU
		{E30FB38C-4069-4CCF-984C-6FBEB592082C}.Release|x64.Build.0 = Release|Any CPU
	EndGlobalSection
	GlobalSection(SolutionProperties) = preSolution
		HideSolutionNode = FALSE
	EndGlobalSection
	GlobalSection(ExtensibilityGlobals) = postSolution
		SolutionGuid = {F42F15DF-AAD4-42CC-8D3A-09EBEB69199B}
	EndGlobalSection
EndGlobal
