
Microsoft Visual Studio Solution File, Format Version 12.00
# Visual Studio Version 16
VisualStudioVersion = 16.0.30404.54
MinimumVisualStudioVersion = 10.0.40219.1
Project("{FAE04EC0-301F-11D3-BF4B-00C04F79EFBC}") = "TacControl.Android", "TacControl.Android\TacControl.Android.csproj", "{4009CDD8-F37D-4E2D-9BB6-FEB6BEEA367C}"
EndProject
Project("{9A19103F-16F7-4668-BE54-9A1E7A4F7556}") = "TacControl", "TacControl\TacControl.csproj", "{AC210539-5D4F-43D1-8878-43DC66E7BD0C}"
EndProject
Project("{9A19103F-16F7-4668-BE54-9A1E7A4F7556}") = "TacControl.Common", "..\..\TacControl.Common\TacControl.Common.csproj", "{C7ACA5BA-5E75-4271-8238-3981BDA9A17F}"
EndProject
Global
	GlobalSection(SolutionConfigurationPlatforms) = preSolution
		Debug|Any CPU = Debug|Any CPU
		Release|Any CPU = Release|Any CPU
	EndGlobalSection
	GlobalSection(ProjectConfigurationPlatforms) = postSolution
		{4009CDD8-F37D-4E2D-9BB6-FEB6BEEA367C}.Debug|Any CPU.ActiveCfg = Debug|Any CPU
		{4009CDD8-F37D-4E2D-9BB6-FEB6BEEA367C}.Debug|Any CPU.Build.0 = Debug|Any CPU
		{4009CDD8-F37D-4E2D-9BB6-FEB6BEEA367C}.Debug|Any CPU.Deploy.0 = Debug|Any CPU
		{4009CDD8-F37D-4E2D-9BB6-FEB6BEEA367C}.Release|Any CPU.ActiveCfg = Release|Any CPU
		{4009CDD8-F37D-4E2D-9BB6-FEB6BEEA367C}.Release|Any CPU.Build.0 = Release|Any CPU
		{4009CDD8-F37D-4E2D-9BB6-FEB6BEEA367C}.Release|Any CPU.Deploy.0 = Release|Any CPU
		{AC210539-5D4F-43D1-8878-43DC66E7BD0C}.Debug|Any CPU.ActiveCfg = Debug|Any CPU
		{AC210539-5D4F-43D1-8878-43DC66E7BD0C}.Debug|Any CPU.Build.0 = Debug|Any CPU
		{AC210539-5D4F-43D1-8878-43DC66E7BD0C}.Debug|Any CPU.Deploy.0 = Debug|Any CPU
		{AC210539-5D4F-43D1-8878-43DC66E7BD0C}.Release|Any CPU.ActiveCfg = Release|Any CPU
		{AC210539-5D4F-43D1-8878-43DC66E7BD0C}.Release|Any CPU.Build.0 = Release|Any CPU
		{AC210539-5D4F-43D1-8878-43DC66E7BD0C}.Release|Any CPU.Deploy.0 = Release|Any CPU
		{C7ACA5BA-5E75-4271-8238-3981BDA9A17F}.Debug|Any CPU.ActiveCfg = Debug|Any CPU
		{C7ACA5BA-5E75-4271-8238-3981BDA9A17F}.Debug|Any CPU.Build.0 = Debug|Any CPU
		{C7ACA5BA-5E75-4271-8238-3981BDA9A17F}.Release|Any CPU.ActiveCfg = Release|Any CPU
		{C7ACA5BA-5E75-4271-8238-3981BDA9A17F}.Release|Any CPU.Build.0 = Release|Any CPU
	EndGlobalSection
	GlobalSection(SolutionProperties) = preSolution
		HideSolutionNode = FALSE
	EndGlobalSection
	GlobalSection(ExtensibilityGlobals) = postSolution
		SolutionGuid = {0A125EB1-9189-445E-9888-0D914E0EF76E}
	EndGlobalSection
EndGlobal
